<?xml version="1.0" encoding="utf-8"?>
<Project ToolsVersion="4.0" xmlns="http://schemas.microsoft.com/developer/msbuild/2003">
  <ItemGroup>
    <Filter Include="Source Files">
      <UniqueIdentifier>{4FC737F1-C7A5-4376-A066-2A32D752A2FF}</UniqueIdentifier>
      <Extensions>cpp;c;cc;cxx;def;odl;idl;hpj;bat;asm;asmx</Extensions>
    </Filter>
    <Filter Include="Header Files">
      <UniqueIdentifier>{93995380-89BD-4b04-88EB-625FBE52EBFB}</UniqueIdentifier>
      <Extensions>h;hh;hpp;hxx;hm;inl;inc;xsd</Extensions>
    </Filter>
    <Filter Include="Resource Files">
      <UniqueIdentifier>{67DA6AB6-F800-4c08-8B7A-83BB121AAD01}</UniqueIdentifier>
      <Extensions>rc;ico;cur;bmp;dlg;rc2;rct;bin;rgs;gif;jpg;jpeg;jpe;resx;tiff;tif;png;wav;mfcribbon-ms</Extensions>
    </Filter>
    <Filter Include="Source Files\Render">
      <UniqueIdentifier>{ae0fd8a3-192a-406d-8aa5-8dda3428637c}</UniqueIdentifier>
    </Filter>
    <Filter Include="Source Files\Utility">
      <UniqueIdentifier>{a0d60ca7-9f14-4151-8b07-3a6e9bacead4}</UniqueIdentifier>
    </Filter>
    <Filter Include="Source Files\ThirdParty">
      <UniqueIdentifier>{446c2c38-1cd5-4e99-ad57-7a886f6b014b}</UniqueIdentifier>
    </Filter>
    <Filter Include="Source Files\Application">
      <UniqueIdentifier>{1fb9b297-0d78-4a1a-b2df-7aeb15efd976}</UniqueIdentifier>
    </Filter>
    <Filter Include="Source Files\Common">
      <UniqueIdentifier>{ee71761d-a0b0-4852-8399-f7bb023094af}</UniqueIdentifier>
    </Filter>
    <Filter Include="Source Files\World">
      <UniqueIdentifier>{b0083643-87a8-420c-bde3-b0d16d2078f5}</UniqueIdentifier>
    </Filter>
    <Filter Include="Source Files\Platform">
      <UniqueIdentifier>{e4874753-9084-4c4c-888b-0642e532ee1d}</UniqueIdentifier>
    </Filter>
    <Filter Include="Source Files\Render\Vulkan">
      <UniqueIdentifier>{5d4a9e4d-e4de-42cd-8192-53f17794cbaa}</UniqueIdentifier>
    </Filter>
  </ItemGroup>
  <ItemGroup>
    <Text Include="ReadMe.txt" />
  </ItemGroup>
  <ItemGroup>
    <ClInclude Include="stdafx.h">
      <Filter>Header Files</Filter>
    </ClInclude>
    <ClInclude Include="targetver.h">
      <Filter>Header Files</Filter>
    </ClInclude>
    <ClInclude Include="Application\Application.h">
      <Filter>Source Files\Application</Filter>
    </ClInclude>
    <ClInclude Include="ThirdParty\CTemplate.h">
      <Filter>Source Files\ThirdParty</Filter>
    </ClInclude>
    <ClInclude Include="Utility\Log.h">
      <Filter>Source Files\Utility</Filter>
    </ClInclude>
    <ClInclude Include="Common\Macros.h">
      <Filter>Source Files\Common</Filter>
    </ClInclude>
    <ClInclude Include="Common\Ref.h">
      <Filter>Source Files\Common</Filter>
    </ClInclude>
    <ClInclude Include="Common\AutoreleasePool.h">
      <Filter>Source Files\Common</Filter>
    </ClInclude>
    <ClInclude Include="World\Node.h">
      <Filter>Source Files\World</Filter>
    </ClInclude>
    <ClInclude Include="World\World.h">
      <Filter>Source Files\World</Filter>
    </ClInclude>
    <ClInclude Include="World\WorldManager.h">
      <Filter>Source Files\World</Filter>
    </ClInclude>
    <ClInclude Include="Utility\Time.h">
      <Filter>Source Files\Utility</Filter>
    </ClInclude>
    <ClInclude Include="Utility\Vector.h">
      <Filter>Source Files\Utility</Filter>
    </ClInclude>
    <ClInclude Include="Platform\Window.h">
      <Filter>Source Files\Platform</Filter>
    </ClInclude>
    <ClInclude Include="Render\VulkanManager.h">
      <Filter>Source Files\Render</Filter>
    </ClInclude>
    <ClInclude Include="Render\VulkanFunctions.h">
      <Filter>Source Files\Render</Filter>
    </ClInclude>
    <ClInclude Include="Render\Vulkan\vk_icd.h">
      <Filter>Source Files\Render\Vulkan</Filter>
    </ClInclude>
    <ClInclude Include="Render\Vulkan\vk_layer.h">
      <Filter>Source Files\Render\Vulkan</Filter>
    </ClInclude>
    <ClInclude Include="Render\Vulkan\vk_platform.h">
      <Filter>Source Files\Render\Vulkan</Filter>
    </ClInclude>
    <ClInclude Include="Render\Vulkan\vk_sdk_platform.h">
      <Filter>Source Files\Render\Vulkan</Filter>
    </ClInclude>
    <ClInclude Include="Render\Vulkan\vulkan.h">
      <Filter>Source Files\Render\Vulkan</Filter>
    </ClInclude>
    <ClInclude Include="Render\Tools.h">
      <Filter>Source Files\Render</Filter>
    </ClInclude>
    <ClInclude Include="Render\stb_image.h">
      <Filter>Source Files\Render</Filter>
    </ClInclude>
    <ClInclude Include="Render\VulkanCommon.h">
      <Filter>Source Files\Render</Filter>
    </ClInclude>
  </ItemGroup>
  <ItemGroup>
    <ClCompile Include="stdafx.cpp">
      <Filter>Source Files</Filter>
    </ClCompile>
    <ClCompile Include="SLEngine.cpp">
      <Filter>Source Files</Filter>
    </ClCompile>
    <ClCompile Include="Application\Application.cpp">
      <Filter>Source Files\Application</Filter>
    </ClCompile>
    <ClCompile Include="ThirdParty\CTemplate.cpp">
      <Filter>Source Files\ThirdParty</Filter>
    </ClCompile>
    <ClCompile Include="Utility\Log.cpp">
      <Filter>Source Files\Utility</Filter>
    </ClCompile>
    <ClCompile Include="Common\Ref.cpp">
      <Filter>Source Files\Common</Filter>
    </ClCompile>
    <ClCompile Include="Common\AutoreleasePool.cpp">
      <Filter>Source Files\Common</Filter>
    </ClCompile>
    <ClCompile Include="World\Node.cpp">
      <Filter>Source Files\World</Filter>
    </ClCompile>
    <ClCompile Include="World\World.cpp">
      <Filter>Source Files\World</Filter>
    </ClCompile>
    <ClCompile Include="World\WorldManager.cpp">
      <Filter>Source Files\World</Filter>
    </ClCompile>
    <ClCompile Include="Utility\Time.cpp">
      <Filter>Source Files\Utility</Filter>
    </ClCompile>
    <ClCompile Include="Platform\Window.cpp">
      <Filter>Source Files\Platform</Filter>
    </ClCompile>
    <ClCompile Include="Render\VulkanManager.cpp">
      <Filter>Source Files\Render</Filter>
    </ClCompile>
    <ClCompile Include="Render\VulkanFunctions.cpp">
      <Filter>Source Files\Render</Filter>
    </ClCompile>
    <ClCompile Include="Render\Tools.cpp">
      <Filter>Source Files\Render</Filter>
    </ClCompile>
    <ClCompile Include="Render\VulkanCommon.cpp">
      <Filter>Source Files\Render</Filter>
    </ClCompile>
  </ItemGroup>
  <ItemGroup>
    <None Include="Render\ListOfFunctions.inl">
      <Filter>Source Files\Render</Filter>
    </None>
  </ItemGroup>
</Project>